
Microsoft Visual Studio Solution File, Format Version 12.00
# Visual Studio Version 17
VisualStudioVersion = 17.8.34408.163
MinimumVisualStudioVersion = 10.0.40219.1
Project("{2150E333-8FDC-42A3-9474-1A3956D46DE8}") = "Services", "Services", "{404D33E1-219A-4B06-9EBF-41178320EDDA}"
EndProject
Project("{2150E333-8FDC-42A3-9474-1A3956D46DE8}") = "Catalog", "Catalog", "{360D861A-6CB7-45E7-8644-AD86B8650B62}"
EndProject
Project("{9A19103F-16F7-4668-BE54-9A1E7A4F7556}") = "MultiShop.Catalog", "Services\Catalog\MultiShop.Catalog\MultiShop.Catalog.csproj", "{5154A9D8-616A-400B-AAC6-32CDA126918D}"
EndProject
Project("{2150E333-8FDC-42A3-9474-1A3956D46DE8}") = "Discount", "Discount", "{80DACA61-F81C-4FCF-A742-51E160D799BE}"
EndProject
Project("{9A19103F-16F7-4668-BE54-9A1E7A4F7556}") = "MultiShop.Discount", "Services\Discount\MultiShop.Discount\MultiShop.Discount.csproj", "{7628AC2E-A526-4FED-8D27-EDB409A9E7E8}"
EndProject
Project("{2150E333-8FDC-42A3-9474-1A3956D46DE8}") = "Order", "Order", "{CCC4D49D-9F33-4C07-BA22-2D9A82C8FD9C}"
EndProject
Project("{2150E333-8FDC-42A3-9474-1A3956D46DE8}") = "Core", "Core", "{6F57AFA0-E2F7-4078-8F2B-23F4FE23D28B}"
EndProject
Project("{2150E333-8FDC-42A3-9474-1A3956D46DE8}") = "Infrastructure", "Infrastructure", "{DFB24151-B088-4B61-A209-DB31ECAE1FD8}"
EndProject
Project("{2150E333-8FDC-42A3-9474-1A3956D46DE8}") = "Presentation", "Presentation", "{FBD314BE-F2BC-4F2A-8523-DEEB125B56B8}"
EndProject
Project("{9A19103F-16F7-4668-BE54-9A1E7A4F7556}") = "MultiShop.Order.Domain", "Services\Order\Core\MultiShop.Order.Domain\MultiShop.Order.Domain.csproj", "{39E5BFD1-EEA6-43C5-833F-10825AE91313}"
EndProject
Project("{9A19103F-16F7-4668-BE54-9A1E7A4F7556}") = "MultiShop.Order.Application", "Services\Order\MultiShop.Order.Application\MultiShop.Order.Application.csproj", "{D2C53BFD-889A-4545-AC3D-A64CD0B3340B}"
EndProject
Project("{9A19103F-16F7-4668-BE54-9A1E7A4F7556}") = "MultiShop.Order.Persistence", "Services\Order\Infrastructure\MultiShop.Order.Persistence\MultiShop.Order.Persistence.csproj", "{794F33E1-88EC-4C6F-AA95-015C69614F22}"
EndProject
Project("{9A19103F-16F7-4668-BE54-9A1E7A4F7556}") = "MultiShop.Order.WebApi", "Services\Order\Presentation\MultiShop.Order.WebApi\MultiShop.Order.WebApi.csproj", "{F9327143-8FE6-4BFD-89D2-9605812617FC}"
EndProject
Project("{2150E333-8FDC-42A3-9474-1A3956D46DE8}") = "IdentityServer", "IdentityServer", "{BF04552D-BF47-4B02-BD1C-19185E1F4058}"
EndProject
Project("{9A19103F-16F7-4668-BE54-9A1E7A4F7556}") = "MultiShop.IdentityServer", "IdentityServer\MultiShop.IdentityServer\MultiShop.IdentityServer.csproj", "{3A2642F5-055F-467C-9B02-FA8F2E2D6DA2}"
EndProject
Project("{2150E333-8FDC-42A3-9474-1A3956D46DE8}") = "Cargo", "Cargo", "{B5322877-75B7-431B-AF3D-3117616F6980}"
EndProject
Project("{FAE04EC0-301F-11D3-BF4B-00C04F79EFBC}") = "MultiShop.Cargo.Business", "Services\Cargo\MultiShop.Cargo.Business\MultiShop.Cargo.Business.csproj", "{A36D8A45-6DB5-48ED-9463-77E0E6271922}"
EndProject
Project("{FAE04EC0-301F-11D3-BF4B-00C04F79EFBC}") = "MultiShop.Cargo.EntityLayer", "MultiShop.Cargo.EntityLayer\MultiShop.Cargo.EntityLayer.csproj", "{9BC48F0B-B76B-495D-9751-B3A2D024E600}"
EndProject
Project("{FAE04EC0-301F-11D3-BF4B-00C04F79EFBC}") = "MultiShop.Cargo.BusinessLayer", "MultiShop.Cargo.BusinessLayer\MultiShop.Cargo.BusinessLayer.csproj", "{F3791AC9-FE9E-4EDB-9C5A-74364D735A7B}"
EndProject
Project("{FAE04EC0-301F-11D3-BF4B-00C04F79EFBC}") = "MultiShop.Cargo.DataAccessLayer", "Services\Cargo\MultiShop.Cargo.DataAccessLayer\MultiShop.Cargo.DataAccessLayer.csproj", "{9E0C22B0-7AC0-443B-A22D-133FE4552304}"
EndProject
Project("{FAE04EC0-301F-11D3-BF4B-00C04F79EFBC}") = "MultiShop.Cargo.DtoLayer", "Services\Cargo\MultiShop.Cargo.DtoLayer\MultiShop.Cargo.DtoLayer.csproj", "{63713DCB-E365-4FD6-921C-26CA968CFB84}"
EndProject
Project("{FAE04EC0-301F-11D3-BF4B-00C04F79EFBC}") = "MultiShop.Cargo.WebApi", "Services\Cargo\MultiShop.Cargo.WebApi\MultiShop.Cargo.WebApi.csproj", "{B66FB414-99BD-4C55-893C-52A22112C5CA}"
EndProject
Global
	GlobalSection(SolutionConfigurationPlatforms) = preSolution
		Debug|Any CPU = Debug|Any CPU
		Release|Any CPU = Release|Any CPU
	EndGlobalSection
	GlobalSection(ProjectConfigurationPlatforms) = postSolution
		{5154A9D8-616A-400B-AAC6-32CDA126918D}.Debug|Any CPU.ActiveCfg = Debug|Any CPU
		{5154A9D8-616A-400B-AAC6-32CDA126918D}.Debug|Any CPU.Build.0 = Debug|Any CPU
		{5154A9D8-616A-400B-AAC6-32CDA126918D}.Release|Any CPU.ActiveCfg = Release|Any CPU
		{5154A9D8-616A-400B-AAC6-32CDA126918D}.Release|Any CPU.Build.0 = Release|Any CPU
		{7628AC2E-A526-4FED-8D27-EDB409A9E7E8}.Debug|Any CPU.ActiveCfg = Debug|Any CPU
		{7628AC2E-A526-4FED-8D27-EDB409A9E7E8}.Debug|Any CPU.Build.0 = Debug|Any CPU
		{7628AC2E-A526-4FED-8D27-EDB409A9E7E8}.Release|Any CPU.ActiveCfg = Release|Any CPU
		{7628AC2E-A526-4FED-8D27-EDB409A9E7E8}.Release|Any CPU.Build.0 = Release|Any CPU
		{39E5BFD1-EEA6-43C5-833F-10825AE91313}.Debug|Any CPU.ActiveCfg = Debug|Any CPU
		{39E5BFD1-EEA6-43C5-833F-10825AE91313}.Debug|Any CPU.Build.0 = Debug|Any CPU
		{39E5BFD1-EEA6-43C5-833F-10825AE91313}.Release|Any CPU.ActiveCfg = Release|Any CPU
		{39E5BFD1-EEA6-43C5-833F-10825AE91313}.Release|Any CPU.Build.0 = Release|Any CPU
		{D2C53BFD-889A-4545-AC3D-A64CD0B3340B}.Debug|Any CPU.ActiveCfg = Debug|Any CPU
		{D2C53BFD-889A-4545-AC3D-A64CD0B3340B}.Debug|Any CPU.Build.0 = Debug|Any CPU
		{D2C53BFD-889A-4545-AC3D-A64CD0B3340B}.Release|Any CPU.ActiveCfg = Release|Any CPU
		{D2C53BFD-889A-4545-AC3D-A64CD0B3340B}.Release|Any CPU.Build.0 = Release|Any CPU
		{794F33E1-88EC-4C6F-AA95-015C69614F22}.Debug|Any CPU.ActiveCfg = Debug|Any CPU
		{794F33E1-88EC-4C6F-AA95-015C69614F22}.Debug|Any CPU.Build.0 = Debug|Any CPU
		{794F33E1-88EC-4C6F-AA95-015C69614F22}.Release|Any CPU.ActiveCfg = Release|Any CPU
		{794F33E1-88EC-4C6F-AA95-015C69614F22}.Release|Any CPU.Build.0 = Release|Any CPU
		{F9327143-8FE6-4BFD-89D2-9605812617FC}.Debug|Any CPU.ActiveCfg = Debug|Any CPU
		{F9327143-8FE6-4BFD-89D2-9605812617FC}.Debug|Any CPU.Build.0 = Debug|Any CPU
		{F9327143-8FE6-4BFD-89D2-9605812617FC}.Release|Any CPU.ActiveCfg = Release|Any CPU
		{F9327143-8FE6-4BFD-89D2-9605812617FC}.Release|Any CPU.Build.0 = Release|Any CPU
		{3A2642F5-055F-467C-9B02-FA8F2E2D6DA2}.Debug|Any CPU.ActiveCfg = Debug|Any CPU
		{3A2642F5-055F-467C-9B02-FA8F2E2D6DA2}.Debug|Any CPU.Build.0 = Debug|Any CPU
		{3A2642F5-055F-467C-9B02-FA8F2E2D6DA2}.Release|Any CPU.ActiveCfg = Release|Any CPU
		{3A2642F5-055F-467C-9B02-FA8F2E2D6DA2}.Release|Any CPU.Build.0 = Release|Any CPU
		{A36D8A45-6DB5-48ED-9463-77E0E6271922}.Debug|Any CPU.ActiveCfg = Debug|Any CPU
		{A36D8A45-6DB5-48ED-9463-77E0E6271922}.Debug|Any CPU.Build.0 = Debug|Any CPU
		{A36D8A45-6DB5-48ED-9463-77E0E6271922}.Release|Any CPU.ActiveCfg = Release|Any CPU
		{A36D8A45-6DB5-48ED-9463-77E0E6271922}.Release|Any CPU.Build.0 = Release|Any CPU
		{9BC48F0B-B76B-495D-9751-B3A2D024E600}.Debug|Any CPU.ActiveCfg = Debug|Any CPU
		{9BC48F0B-B76B-495D-9751-B3A2D024E600}.Debug|Any CPU.Build.0 = Debug|Any CPU
		{9BC48F0B-B76B-495D-9751-B3A2D024E600}.Release|Any CPU.ActiveCfg = Release|Any CPU
		{9BC48F0B-B76B-495D-9751-B3A2D024E600}.Release|Any CPU.Build.0 = Release|Any CPU
		{F3791AC9-FE9E-4EDB-9C5A-74364D735A7B}.Debug|Any CPU.ActiveCfg = Debug|Any CPU
		{F3791AC9-FE9E-4EDB-9C5A-74364D735A7B}.Debug|Any CPU.Build.0 = Debug|Any CPU
		{F3791AC9-FE9E-4EDB-9C5A-74364D735A7B}.Release|Any CPU.ActiveCfg = Release|Any CPU
		{F3791AC9-FE9E-4EDB-9C5A-74364D735A7B}.Release|Any CPU.Build.0 = Release|Any CPU
		{9E0C22B0-7AC0-443B-A22D-133FE4552304}.Debug|Any CPU.ActiveCfg = Debug|Any CPU
		{9E0C22B0-7AC0-443B-A22D-133FE4552304}.Debug|Any CPU.Build.0 = Debug|Any CPU
		{9E0C22B0-7AC0-443B-A22D-133FE4552304}.Release|Any CPU.ActiveCfg = Release|Any CPU
		{9E0C22B0-7AC0-443B-A22D-133FE4552304}.Release|Any CPU.Build.0 = Release|Any CPU
		{63713DCB-E365-4FD6-921C-26CA968CFB84}.Debug|Any CPU.ActiveCfg = Debug|Any CPU
		{63713DCB-E365-4FD6-921C-26CA968CFB84}.Debug|Any CPU.Build.0 = Debug|Any CPU
		{63713DCB-E365-4FD6-921C-26CA968CFB84}.Release|Any CPU.ActiveCfg = Release|Any CPU
		{63713DCB-E365-4FD6-921C-26CA968CFB84}.Release|Any CPU.Build.0 = Release|Any CPU
		{B66FB414-99BD-4C55-893C-52A22112C5CA}.Debug|Any CPU.ActiveCfg = Debug|Any CPU
		{B66FB414-99BD-4C55-893C-52A22112C5CA}.Debug|Any CPU.Build.0 = Debug|Any CPU
		{B66FB414-99BD-4C55-893C-52A22112C5CA}.Release|Any CPU.ActiveCfg = Release|Any CPU
		{B66FB414-99BD-4C55-893C-52A22112C5CA}.Release|Any CPU.Build.0 = Release|Any CPU
	EndGlobalSection
	GlobalSection(SolutionProperties) = preSolution
		HideSolutionNode = FALSE
	EndGlobalSection
	GlobalSection(NestedProjects) = preSolution
		{360D861A-6CB7-45E7-8644-AD86B8650B62} = {404D33E1-219A-4B06-9EBF-41178320EDDA}
		{5154A9D8-616A-400B-AAC6-32CDA126918D} = {360D861A-6CB7-45E7-8644-AD86B8650B62}
		{80DACA61-F81C-4FCF-A742-51E160D799BE} = {404D33E1-219A-4B06-9EBF-41178320EDDA}
		{7628AC2E-A526-4FED-8D27-EDB409A9E7E8} = {80DACA61-F81C-4FCF-A742-51E160D799BE}
		{CCC4D49D-9F33-4C07-BA22-2D9A82C8FD9C} = {404D33E1-219A-4B06-9EBF-41178320EDDA}
		{6F57AFA0-E2F7-4078-8F2B-23F4FE23D28B} = {CCC4D49D-9F33-4C07-BA22-2D9A82C8FD9C}
		{DFB24151-B088-4B61-A209-DB31ECAE1FD8} = {CCC4D49D-9F33-4C07-BA22-2D9A82C8FD9C}
		{FBD314BE-F2BC-4F2A-8523-DEEB125B56B8} = {CCC4D49D-9F33-4C07-BA22-2D9A82C8FD9C}
		{39E5BFD1-EEA6-43C5-833F-10825AE91313} = {6F57AFA0-E2F7-4078-8F2B-23F4FE23D28B}
		{D2C53BFD-889A-4545-AC3D-A64CD0B3340B} = {6F57AFA0-E2F7-4078-8F2B-23F4FE23D28B}
		{794F33E1-88EC-4C6F-AA95-015C69614F22} = {DFB24151-B088-4B61-A209-DB31ECAE1FD8}
		{F9327143-8FE6-4BFD-89D2-9605812617FC} = {FBD314BE-F2BC-4F2A-8523-DEEB125B56B8}
		{3A2642F5-055F-467C-9B02-FA8F2E2D6DA2} = {BF04552D-BF47-4B02-BD1C-19185E1F4058}
		{B5322877-75B7-431B-AF3D-3117616F6980} = {404D33E1-219A-4B06-9EBF-41178320EDDA}
		{A36D8A45-6DB5-48ED-9463-77E0E6271922} = {B5322877-75B7-431B-AF3D-3117616F6980}
		{9BC48F0B-B76B-495D-9751-B3A2D024E600} = {B5322877-75B7-431B-AF3D-3117616F6980}
		{F3791AC9-FE9E-4EDB-9C5A-74364D735A7B} = {B5322877-75B7-431B-AF3D-3117616F6980}
		{9E0C22B0-7AC0-443B-A22D-133FE4552304} = {B5322877-75B7-431B-AF3D-3117616F6980}
		{63713DCB-E365-4FD6-921C-26CA968CFB84} = {B5322877-75B7-431B-AF3D-3117616F6980}
		{B66FB414-99BD-4C55-893C-52A22112C5CA} = {B5322877-75B7-431B-AF3D-3117616F6980}
	EndGlobalSection
	GlobalSection(ExtensibilityGlobals) = postSolution
		SolutionGuid = {C9A16B8F-A3A6-4235-AD6E-00CC4CCACC1D}
	EndGlobalSection
EndGlobal
